
Microsoft Visual Studio Solution File, Format Version 12.00
# Visual Studio Version 16
VisualStudioVersion = 16.0.32602.291
MinimumVisualStudioVersion = 10.0.40219.1
Project("{FAE04EC0-301F-11D3-BF4B-00C04F79EFBC}") = "FormdaSqlKullanimi", "FormdaSqlKullanimi\FormdaSqlKullanimi.csproj", "{71A60C1C-2815-4AC3-9482-45250F3250DA}"
EndProject
Global
	GlobalSection(SolutionConfigurationPlatforms) = preSolution
		Debug|Any CPU = Debug|Any CPU
		Release|Any CPU = Release|Any CPU
	EndGlobalSection
	GlobalSection(ProjectConfigurationPlatforms) = postSolution
		{71A60C1C-2815-4AC3-9482-45250F3250DA}.Debug|Any CPU.ActiveCfg = Debug|Any CPU
		{71A60C1C-2815-4AC3-9482-45250F3250DA}.Debug|Any CPU.Build.0 = Debug|Any CPU
		{71A60C1C-2815-4AC3-9482-45250F3250DA}.Release|Any CPU.ActiveCfg = Release|Any CPU
		{71A60C1C-2815-4AC3-9482-45250F3250DA}.Release|Any CPU.Build.0 = Release|Any CPU
	EndGlobalSection
	GlobalSection(SolutionProperties) = preSolution
		HideSolutionNode = FALSE
	EndGlobalSection
	GlobalSection(ExtensibilityGlobals) = postSolution
		SolutionGuid = {AE5C6743-DED0-43CB-8E33-9809908AF904}
	EndGlobalSection
EndGlobal
