
Microsoft Visual Studio Solution File, Format Version 12.00
# Visual Studio Version 16
VisualStudioVersion = 16.0.31702.278
MinimumVisualStudioVersion = 10.0.40219.1
Project("{FAE04EC0-301F-11D3-BF4B-00C04F79EFBC}") = "Kronometre", "Kronometre\Kronometre.csproj", "{90087F6D-D388-4771-880D-3ADEECA6138F}"
EndProject
Global
	GlobalSection(SolutionConfigurationPlatforms) = preSolution
		Debug|Any CPU = Debug|Any CPU
		Release|Any CPU = Release|Any CPU
	EndGlobalSection
	GlobalSection(ProjectConfigurationPlatforms) = postSolution
		{90087F6D-D388-4771-880D-3ADEECA6138F}.Debug|Any CPU.ActiveCfg = Debug|Any CPU
		{90087F6D-D388-4771-880D-3ADEECA6138F}.Debug|Any CPU.Build.0 = Debug|Any CPU
		{90087F6D-D388-4771-880D-3ADEECA6138F}.Release|Any CPU.ActiveCfg = Release|Any CPU
		{90087F6D-D388-4771-880D-3ADEECA6138F}.Release|Any CPU.Build.0 = Release|Any CPU
	EndGlobalSection
	GlobalSection(SolutionProperties) = preSolution
		HideSolutionNode = FALSE
	EndGlobalSection
	GlobalSection(ExtensibilityGlobals) = postSolution
		SolutionGuid = {E8695A9B-F238-44B1-B64B-B8A113892F8E}
	EndGlobalSection
EndGlobal
